{
  "requires": true,
  "lockfileVersion": 1,
  "dependencies": {
    "types-registry": {
      "version": "0.1.593",
      "resolved": "https://registry.npmjs.org/types-registry/-/types-registry-0.1.593.tgz",
      "integrity": "sha512-oGYgDZsL/NhwZ7DTd+qMR8jpCL8kbO1q/9PDMBW7DXI7QI5N0/socenBj8+tTMJ2c38ZVzyUZaYif3AYR2oC9Q=="
    }
  }
}
